
Microsoft Visual Studio Solution File, Format Version 12.00
# Visual Studio Version 17
VisualStudioVersion = 17.2.32630.192
MinimumVisualStudioVersion = 10.0.40219.1
Project("{FAE04EC0-301F-11D3-BF4B-00C04F79EFBC}") = "ExEncapsulamento", "ExEncapsulamento\ExEncapsulamento.csproj", "{8DF82BCE-9F59-4509-A509-A20B35ACD91B}"
EndProject
Global
	GlobalSection(SolutionConfigurationPlatforms) = preSolution
		Debug|Any CPU = Debug|Any CPU
		Release|Any CPU = Release|Any CPU
	EndGlobalSection
	GlobalSection(ProjectConfigurationPlatforms) = postSolution
		{8DF82BCE-9F59-4509-A509-A20B35ACD91B}.Debug|Any CPU.ActiveCfg = Debug|Any CPU
		{8DF82BCE-9F59-4509-A509-A20B35ACD91B}.Debug|Any CPU.Build.0 = Debug|Any CPU
		{8DF82BCE-9F59-4509-A509-A20B35ACD91B}.Release|Any CPU.ActiveCfg = Release|Any CPU
		{8DF82BCE-9F59-4509-A509-A20B35ACD91B}.Release|Any CPU.Build.0 = Release|Any CPU
	EndGlobalSection
	GlobalSection(SolutionProperties) = preSolution
		HideSolutionNode = FALSE
	EndGlobalSection
	GlobalSection(ExtensibilityGlobals) = postSolution
		SolutionGuid = {D9561ABF-630D-4B2B-9DC3-53E36D24E370}
	EndGlobalSection
EndGlobal
